
Microsoft Visual Studio Solution File, Format Version 12.00
# Visual Studio 15
VisualStudioVersion = 15.0.27004.2006
MinimumVisualStudioVersion = 10.0.40219.1
Project("{FAE04EC0-301F-11D3-BF4B-00C04F79EFBC}") = "CharacterGeneratorUI", "CharacterGeneratorUI\CharacterGeneratorUI.csproj", "{E0458A33-4802-4501-BCB0-72416546C96D}"
EndProject
Project("{FAE04EC0-301F-11D3-BF4B-00C04F79EFBC}") = "CharacterGeneratorLibrary", "CharacterGeneratorLibrary\CharacterGeneratorLibrary.csproj", "{C505BC23-2CBC-4250-8764-861EEB46D3B0}"
EndProject
Project("{2150E333-8FDC-42A3-9474-1A3956D46DE8}") = "SQLScripts", "SQLScripts", "{17B7D9B1-6529-4F5F-87EA-F8069CCE25DE}"
	ProjectSection(SolutionItems) = preProject
		SQLScrips\character_gen-classLibTableCreation.sql = SQLScrips\character_gen-classLibTableCreation.sql
	EndProjectSection
EndProject
Project("{2150E333-8FDC-42A3-9474-1A3956D46DE8}") = "Resource", "Resource", "{7C5B63D3-0160-4479-9D0F-5F8229C213E8}"
	ProjectSection(SolutionItems) = preProject
		Resource\background.jpg = Resource\background.jpg
		Resource\dragons-head.png = Resource\dragons-head.png
		Resource\icon.ico = Resource\icon.ico
	EndProjectSection
EndProject
Global
	GlobalSection(SolutionConfigurationPlatforms) = preSolution
		Debug|Any CPU = Debug|Any CPU
		Release|Any CPU = Release|Any CPU
	EndGlobalSection
	GlobalSection(ProjectConfigurationPlatforms) = postSolution
		{E0458A33-4802-4501-BCB0-72416546C96D}.Debug|Any CPU.ActiveCfg = Debug|Any CPU
		{E0458A33-4802-4501-BCB0-72416546C96D}.Debug|Any CPU.Build.0 = Debug|Any CPU
		{E0458A33-4802-4501-BCB0-72416546C96D}.Release|Any CPU.ActiveCfg = Release|Any CPU
		{E0458A33-4802-4501-BCB0-72416546C96D}.Release|Any CPU.Build.0 = Release|Any CPU
		{C505BC23-2CBC-4250-8764-861EEB46D3B0}.Debug|Any CPU.ActiveCfg = Debug|Any CPU
		{C505BC23-2CBC-4250-8764-861EEB46D3B0}.Debug|Any CPU.Build.0 = Debug|Any CPU
		{C505BC23-2CBC-4250-8764-861EEB46D3B0}.Release|Any CPU.ActiveCfg = Release|Any CPU
		{C505BC23-2CBC-4250-8764-861EEB46D3B0}.Release|Any CPU.Build.0 = Release|Any CPU
	EndGlobalSection
	GlobalSection(SolutionProperties) = preSolution
		HideSolutionNode = FALSE
	EndGlobalSection
	GlobalSection(ExtensibilityGlobals) = postSolution
		SolutionGuid = {78F6F3F4-A3CB-45B3-9ABF-4E0FDF76A359}
	EndGlobalSection
EndGlobal
